
Microsoft Visual Studio Solution File, Format Version 12.00
# Visual Studio Version 16
VisualStudioVersion = 16.0.30804.86
MinimumVisualStudioVersion = 15.0.26124.0
Project("{FAE04EC0-301F-11D3-BF4B-00C04F79EFBC}") = "dotnetex", "dotnetex\dotnetex.csproj", "{C2AC6114-B40C-4AAE-A2FB-840F3B7C631D}"
EndProject
Project("{FAE04EC0-301F-11D3-BF4B-00C04F79EFBC}") = "dotnetx.tests", "dotnetx.tests\dotnetx.tests.csproj", "{C6FD566C-B0CD-40BB-8A36-1A777717B01D}"
EndProject
Global
	GlobalSection(SolutionConfigurationPlatforms) = preSolution
		Debug|Any CPU = Debug|Any CPU
		Debug|x64 = Debug|x64
		Debug|x86 = Debug|x86
		Release|Any CPU = Release|Any CPU
		Release|x64 = Release|x64
		Release|x86 = Release|x86
	EndGlobalSection
	GlobalSection(ProjectConfigurationPlatforms) = postSolution
		{C2AC6114-B40C-4AAE-A2FB-840F3B7C631D}.Debug|Any CPU.ActiveCfg = Debug|Any CPU
		{C2AC6114-B40C-4AAE-A2FB-840F3B7C631D}.Debug|Any CPU.Build.0 = Debug|Any CPU
		{C2AC6114-B40C-4AAE-A2FB-840F3B7C631D}.Debug|x64.ActiveCfg = Debug|Any CPU
		{C2AC6114-B40C-4AAE-A2FB-840F3B7C631D}.Debug|x64.Build.0 = Debug|Any CPU
		{C2AC6114-B40C-4AAE-A2FB-840F3B7C631D}.Debug|x86.ActiveCfg = Debug|Any CPU
		{C2AC6114-B40C-4AAE-A2FB-840F3B7C631D}.Debug|x86.Build.0 = Debug|Any CPU
		{C2AC6114-B40C-4AAE-A2FB-840F3B7C631D}.Release|Any CPU.ActiveCfg = Release|Any CPU
		{C2AC6114-B40C-4AAE-A2FB-840F3B7C631D}.Release|Any CPU.Build.0 = Release|Any CPU
		{C2AC6114-B40C-4AAE-A2FB-840F3B7C631D}.Release|x64.ActiveCfg = Release|Any CPU
		{C2AC6114-B40C-4AAE-A2FB-840F3B7C631D}.Release|x64.Build.0 = Release|Any CPU
		{C2AC6114-B40C-4AAE-A2FB-840F3B7C631D}.Release|x86.ActiveCfg = Release|Any CPU
		{C2AC6114-B40C-4AAE-A2FB-840F3B7C631D}.Release|x86.Build.0 = Release|Any CPU
		{C6FD566C-B0CD-40BB-8A36-1A777717B01D}.Debug|Any CPU.ActiveCfg = Debug|Any CPU
		{C6FD566C-B0CD-40BB-8A36-1A777717B01D}.Debug|Any CPU.Build.0 = Debug|Any CPU
		{C6FD566C-B0CD-40BB-8A36-1A777717B01D}.Debug|x64.ActiveCfg = Debug|Any CPU
		{C6FD566C-B0CD-40BB-8A36-1A777717B01D}.Debug|x64.Build.0 = Debug|Any CPU
		{C6FD566C-B0CD-40BB-8A36-1A777717B01D}.Debug|x86.ActiveCfg = Debug|Any CPU
		{C6FD566C-B0CD-40BB-8A36-1A777717B01D}.Debug|x86.Build.0 = Debug|Any CPU
		{C6FD566C-B0CD-40BB-8A36-1A777717B01D}.Release|Any CPU.ActiveCfg = Release|Any CPU
		{C6FD566C-B0CD-40BB-8A36-1A777717B01D}.Release|Any CPU.Build.0 = Release|Any CPU
		{C6FD566C-B0CD-40BB-8A36-1A777717B01D}.Release|x64.ActiveCfg = Release|Any CPU
		{C6FD566C-B0CD-40BB-8A36-1A777717B01D}.Release|x64.Build.0 = Release|Any CPU
		{C6FD566C-B0CD-40BB-8A36-1A777717B01D}.Release|x86.ActiveCfg = Release|Any CPU
		{C6FD566C-B0CD-40BB-8A36-1A777717B01D}.Release|x86.Build.0 = Release|Any CPU
	EndGlobalSection
	GlobalSection(SolutionProperties) = preSolution
		HideSolutionNode = FALSE
	EndGlobalSection
	GlobalSection(ExtensibilityGlobals) = postSolution
		SolutionGuid = {5BB920EE-A55E-4578-9934-5F8845291F67}
	EndGlobalSection
EndGlobal
